
Microsoft Visual Studio Solution File, Format Version 12.00
# Visual Studio 2012
Project("{FAE04EC0-301F-11D3-BF4B-00C04F79EFBC}") = "UploadFile.Azure", "UploadFile.Azure\UploadFile.Azure.csproj", "{C11194B5-D7CE-4216-9576-5FECE6885726}"
EndProject
Project("{FAE04EC0-301F-11D3-BF4B-00C04F79EFBC}") = "UploadFile.Azure.Tests", "UploadFile.Azure.Tests\UploadFile.Azure.Tests.csproj", "{FD54FB50-D62E-4E9E-9721-D8EC5CBF2DA8}"
EndProject
Global
	GlobalSection(SolutionConfigurationPlatforms) = preSolution
		Debug|Any CPU = Debug|Any CPU
		Release|Any CPU = Release|Any CPU
	EndGlobalSection
	GlobalSection(ProjectConfigurationPlatforms) = postSolution
		{C11194B5-D7CE-4216-9576-5FECE6885726}.Debug|Any CPU.ActiveCfg = Debug|Any CPU
		{C11194B5-D7CE-4216-9576-5FECE6885726}.Debug|Any CPU.Build.0 = Debug|Any CPU
		{C11194B5-D7CE-4216-9576-5FECE6885726}.Release|Any CPU.ActiveCfg = Release|Any CPU
		{C11194B5-D7CE-4216-9576-5FECE6885726}.Release|Any CPU.Build.0 = Release|Any CPU
		{FD54FB50-D62E-4E9E-9721-D8EC5CBF2DA8}.Debug|Any CPU.ActiveCfg = Debug|Any CPU
		{FD54FB50-D62E-4E9E-9721-D8EC5CBF2DA8}.Debug|Any CPU.Build.0 = Debug|Any CPU
		{FD54FB50-D62E-4E9E-9721-D8EC5CBF2DA8}.Release|Any CPU.ActiveCfg = Release|Any CPU
		{FD54FB50-D62E-4E9E-9721-D8EC5CBF2DA8}.Release|Any CPU.Build.0 = Release|Any CPU
	EndGlobalSection
	GlobalSection(SolutionProperties) = preSolution
		HideSolutionNode = FALSE
	EndGlobalSection
EndGlobal
